
Microsoft Visual Studio Solution File, Format Version 12.00
# Visual Studio Version 17
VisualStudioVersion = 17.0.31903.59
MinimumVisualStudioVersion = 10.0.40219.1
Project("{2150E333-8FDC-42A3-9474-1A3956D46DE8}") = "1. Global", "1. Global", "{9E4B1A31-9F91-48F9-8BF6-95346494F376}"
	ProjectSection(SolutionItems) = preProject
		MigrationsTools.sh = MigrationsTools.sh
		MigrationsTools.ps1 = MigrationsTools.ps1
		Arch.Draft.excalidraw = Arch.Draft.excalidraw
		package.json = package.json
		tailwind.config.js = tailwind.config.js
		README.md = README.md
	EndProjectSection
EndProject
Project("{2150E333-8FDC-42A3-9474-1A3956D46DE8}") = "3. Services", "3. Services", "{FCDA11B3-91CE-499B-98FF-845C3D7CED7A}"
EndProject
Project("{2150E333-8FDC-42A3-9474-1A3956D46DE8}") = "2. Common", "2. Common", "{1EBCF1BD-F4A5-480A-8377-2760FDCBAF7A}"
EndProject
Project("{FAE04EC0-301F-11D3-BF4B-00C04F79EFBC}") = "AdventEcho.Kernel.Application", "src\Common\Application\AdventEcho.Kernel.Application.csproj", "{22F183FA-5D04-426E-8317-E7A90CCF88CA}"
EndProject
Project("{FAE04EC0-301F-11D3-BF4B-00C04F79EFBC}") = "AdventEcho.Kernel.Domain", "src\Common\Domain\AdventEcho.Kernel.Domain.csproj", "{0D514385-FE75-44CB-82F6-E56637DE3EB5}"
EndProject
Project("{FAE04EC0-301F-11D3-BF4B-00C04F79EFBC}") = "AdventEcho.Kernel.Infrastructure", "src\Common\Infrastructure\AdventEcho.Kernel.Infrastructure.csproj", "{9DF10DED-39C0-44D4-BA5F-DC75580FF9B8}"
EndProject
Project("{FAE04EC0-301F-11D3-BF4B-00C04F79EFBC}") = "AdventEcho.Kernel.IoC", "src\Common\IoC\AdventEcho.Kernel.IoC.csproj", "{A5A5C5A6-E526-4F43-A8AF-0DB521F2C6AB}"
EndProject
Project("{FAE04EC0-301F-11D3-BF4B-00C04F79EFBC}") = "AdventEcho.Kernel", "src\Common\Kernel\AdventEcho.Kernel.csproj", "{08FB002F-9C7A-4B26-8093-FC02C5E79318}"
EndProject
Project("{FAE04EC0-301F-11D3-BF4B-00C04F79EFBC}") = "AdventEcho.Kernel.Server", "src\Common\Server\AdventEcho.Kernel.Server.csproj", "{6366429C-E2E7-4337-91EA-DCA5D2070F6F}"
EndProject
Project("{2150E333-8FDC-42A3-9474-1A3956D46DE8}") = "3.1. Scheduling", "3.1. Scheduling", "{1D70F2E3-7C9C-436D-8705-7C8AD4C7DF6E}"
EndProject
Project("{2150E333-8FDC-42A3-9474-1A3956D46DE8}") = "3.2. Announcement", "3.2. Announcement", "{1255F958-AE24-4C1F-A93E-6033E220D78D}"
EndProject
Project("{2150E333-8FDC-42A3-9474-1A3956D46DE8}") = "3.3. Registration", "3.3. Registration", "{C1C8D828-8293-4988-AB39-42E4F90BB0C1}"
EndProject
Project("{2150E333-8FDC-42A3-9474-1A3956D46DE8}") = "3.4. Identity", "3.4. Identity", "{790031CD-55E1-4DE7-9F3D-74B24726B6E0}"
EndProject
Project("{2150E333-8FDC-42A3-9474-1A3956D46DE8}") = "4. Presentation", "4. Presentation", "{26066226-EDAE-4B46-A02B-29ABA853DAB0}"
EndProject
Project("{2150E333-8FDC-42A3-9474-1A3956D46DE8}") = "5. Orchestrator", "5. Orchestrator", "{BEEDCF9E-1E8F-43CF-9E32-5238146FD729}"
EndProject
Project("{2150E333-8FDC-42A3-9474-1A3956D46DE8}") = "4.1. Web", "4.1. Web", "{25E928C6-E266-4359-ACF0-36A7738D5F7E}"
EndProject
Project("{2150E333-8FDC-42A3-9474-1A3956D46DE8}") = "4.2. Mobile", "4.2. Mobile", "{238F3C10-D2EA-43D7-B6D0-46F0A9952887}"
EndProject
Project("{2150E333-8FDC-42A3-9474-1A3956D46DE8}") = "4.3. Identity", "4.3. Identity", "{68CAB3F2-C6F2-474A-8FAE-FDB446760886}"
EndProject
Project("{FAE04EC0-301F-11D3-BF4B-00C04F79EFBC}") = "AdventEcho.Presentation.Identity", "src\Presentation\Identity\AdventEcho.Presentation.Identity.csproj", "{48065CF4-02C9-4544-92F4-536832229C6B}"
EndProject
Project("{FAE04EC0-301F-11D3-BF4B-00C04F79EFBC}") = "AdventEcho.Identity.IoC", "src\Services\Identity\IoC\AdventEcho.Identity.IoC.csproj", "{DCCA3D88-C457-4841-AB22-879E68CFDF36}"
EndProject
Project("{FAE04EC0-301F-11D3-BF4B-00C04F79EFBC}") = "AdventEcho.Identity.Application", "src\Services\Identity\Application\AdventEcho.Identity.Application.csproj", "{2FB742DE-0C2A-4E0C-81AF-F7BEBCEDBDBB}"
EndProject
Project("{FAE04EC0-301F-11D3-BF4B-00C04F79EFBC}") = "AdventEcho.Identity.Infrastructure", "src\Services\Identity\Infrastructure\AdventEcho.Identity.Infrastructure.csproj", "{D1DA44BB-3DF8-4E08-90A4-E4887D8010FE}"
EndProject
Project("{FAE04EC0-301F-11D3-BF4B-00C04F79EFBC}") = "AdventEcho.Identity.Application.Shared", "src\Services\Identity\Application.Shared\AdventEcho.Identity.Application.Shared.csproj", "{3C4D257F-4938-4F21-8B52-395E98CB254F}"
EndProject
Project("{FAE04EC0-301F-11D3-BF4B-00C04F79EFBC}") = "AdventEcho.Kernel.Application.Shared", "src\Common\Application.Shared\AdventEcho.Kernel.Application.Shared.csproj", "{54C2578A-C189-4B4B-B1A8-3266901BEC30}"
EndProject
Project("{FAE04EC0-301F-11D3-BF4B-00C04F79EFBC}") = "AdventEcho.Identity.Domain", "src\Services\Identity\Domain\AdventEcho.Identity.Domain.csproj", "{99219C94-3BED-4BD3-A4B8-1B7CB19F962D}"
EndProject
Project("{FAE04EC0-301F-11D3-BF4B-00C04F79EFBC}") = "AdventEcho.Orchestrator.AppHost", "src\Orchestrator\AppHost\AdventEcho.Orchestrator.AppHost.csproj", "{1C5E407C-C7C5-4D0D-A34D-EF17071F09EE}"
EndProject
Project("{FAE04EC0-301F-11D3-BF4B-00C04F79EFBC}") = "AdventEcho.Orchestrator.ServiceDefaults", "src\Orchestrator\ServiceDefaults\AdventEcho.Orchestrator.ServiceDefaults.csproj", "{9DBC4606-E2AD-4D89-882C-F5FC6EA725A9}"
EndProject
Project("{FAE04EC0-301F-11D3-BF4B-00C04F79EFBC}") = "AdventEcho.Orchestrator.Workers", "src\Orchestrator\Workers\AdventEcho.Orchestrator.Workers.csproj", "{703B2CF7-EE7C-486C-84EF-5FFE234DC4D7}"
EndProject
Global
	GlobalSection(SolutionConfigurationPlatforms) = preSolution
		Debug|Any CPU = Debug|Any CPU
		Debug|x64 = Debug|x64
		Debug|x86 = Debug|x86
		Release|Any CPU = Release|Any CPU
		Release|x64 = Release|x64
		Release|x86 = Release|x86
	EndGlobalSection
	GlobalSection(ProjectConfigurationPlatforms) = postSolution
		{22F183FA-5D04-426E-8317-E7A90CCF88CA}.Debug|Any CPU.ActiveCfg = Debug|Any CPU
		{22F183FA-5D04-426E-8317-E7A90CCF88CA}.Debug|Any CPU.Build.0 = Debug|Any CPU
		{22F183FA-5D04-426E-8317-E7A90CCF88CA}.Debug|x64.ActiveCfg = Debug|Any CPU
		{22F183FA-5D04-426E-8317-E7A90CCF88CA}.Debug|x64.Build.0 = Debug|Any CPU
		{22F183FA-5D04-426E-8317-E7A90CCF88CA}.Debug|x86.ActiveCfg = Debug|Any CPU
		{22F183FA-5D04-426E-8317-E7A90CCF88CA}.Debug|x86.Build.0 = Debug|Any CPU
		{22F183FA-5D04-426E-8317-E7A90CCF88CA}.Release|Any CPU.ActiveCfg = Release|Any CPU
		{22F183FA-5D04-426E-8317-E7A90CCF88CA}.Release|Any CPU.Build.0 = Release|Any CPU
		{22F183FA-5D04-426E-8317-E7A90CCF88CA}.Release|x64.ActiveCfg = Release|Any CPU
		{22F183FA-5D04-426E-8317-E7A90CCF88CA}.Release|x64.Build.0 = Release|Any CPU
		{22F183FA-5D04-426E-8317-E7A90CCF88CA}.Release|x86.ActiveCfg = Release|Any CPU
		{22F183FA-5D04-426E-8317-E7A90CCF88CA}.Release|x86.Build.0 = Release|Any CPU
		{0D514385-FE75-44CB-82F6-E56637DE3EB5}.Debug|Any CPU.ActiveCfg = Debug|Any CPU
		{0D514385-FE75-44CB-82F6-E56637DE3EB5}.Debug|Any CPU.Build.0 = Debug|Any CPU
		{0D514385-FE75-44CB-82F6-E56637DE3EB5}.Debug|x64.ActiveCfg = Debug|Any CPU
		{0D514385-FE75-44CB-82F6-E56637DE3EB5}.Debug|x64.Build.0 = Debug|Any CPU
		{0D514385-FE75-44CB-82F6-E56637DE3EB5}.Debug|x86.ActiveCfg = Debug|Any CPU
		{0D514385-FE75-44CB-82F6-E56637DE3EB5}.Debug|x86.Build.0 = Debug|Any CPU
		{0D514385-FE75-44CB-82F6-E56637DE3EB5}.Release|Any CPU.ActiveCfg = Release|Any CPU
		{0D514385-FE75-44CB-82F6-E56637DE3EB5}.Release|Any CPU.Build.0 = Release|Any CPU
		{0D514385-FE75-44CB-82F6-E56637DE3EB5}.Release|x64.ActiveCfg = Release|Any CPU
		{0D514385-FE75-44CB-82F6-E56637DE3EB5}.Release|x64.Build.0 = Release|Any CPU
		{0D514385-FE75-44CB-82F6-E56637DE3EB5}.Release|x86.ActiveCfg = Release|Any CPU
		{0D514385-FE75-44CB-82F6-E56637DE3EB5}.Release|x86.Build.0 = Release|Any CPU
		{9DF10DED-39C0-44D4-BA5F-DC75580FF9B8}.Debug|Any CPU.ActiveCfg = Debug|Any CPU
		{9DF10DED-39C0-44D4-BA5F-DC75580FF9B8}.Debug|Any CPU.Build.0 = Debug|Any CPU
		{9DF10DED-39C0-44D4-BA5F-DC75580FF9B8}.Debug|x64.ActiveCfg = Debug|Any CPU
		{9DF10DED-39C0-44D4-BA5F-DC75580FF9B8}.Debug|x64.Build.0 = Debug|Any CPU
		{9DF10DED-39C0-44D4-BA5F-DC75580FF9B8}.Debug|x86.ActiveCfg = Debug|Any CPU
		{9DF10DED-39C0-44D4-BA5F-DC75580FF9B8}.Debug|x86.Build.0 = Debug|Any CPU
		{9DF10DED-39C0-44D4-BA5F-DC75580FF9B8}.Release|Any CPU.ActiveCfg = Release|Any CPU
		{9DF10DED-39C0-44D4-BA5F-DC75580FF9B8}.Release|Any CPU.Build.0 = Release|Any CPU
		{9DF10DED-39C0-44D4-BA5F-DC75580FF9B8}.Release|x64.ActiveCfg = Release|Any CPU
		{9DF10DED-39C0-44D4-BA5F-DC75580FF9B8}.Release|x64.Build.0 = Release|Any CPU
		{9DF10DED-39C0-44D4-BA5F-DC75580FF9B8}.Release|x86.ActiveCfg = Release|Any CPU
		{9DF10DED-39C0-44D4-BA5F-DC75580FF9B8}.Release|x86.Build.0 = Release|Any CPU
		{A5A5C5A6-E526-4F43-A8AF-0DB521F2C6AB}.Debug|Any CPU.ActiveCfg = Debug|Any CPU
		{A5A5C5A6-E526-4F43-A8AF-0DB521F2C6AB}.Debug|Any CPU.Build.0 = Debug|Any CPU
		{A5A5C5A6-E526-4F43-A8AF-0DB521F2C6AB}.Debug|x64.ActiveCfg = Debug|Any CPU
		{A5A5C5A6-E526-4F43-A8AF-0DB521F2C6AB}.Debug|x64.Build.0 = Debug|Any CPU
		{A5A5C5A6-E526-4F43-A8AF-0DB521F2C6AB}.Debug|x86.ActiveCfg = Debug|Any CPU
		{A5A5C5A6-E526-4F43-A8AF-0DB521F2C6AB}.Debug|x86.Build.0 = Debug|Any CPU
		{A5A5C5A6-E526-4F43-A8AF-0DB521F2C6AB}.Release|Any CPU.ActiveCfg = Release|Any CPU
		{A5A5C5A6-E526-4F43-A8AF-0DB521F2C6AB}.Release|Any CPU.Build.0 = Release|Any CPU
		{A5A5C5A6-E526-4F43-A8AF-0DB521F2C6AB}.Release|x64.ActiveCfg = Release|Any CPU
		{A5A5C5A6-E526-4F43-A8AF-0DB521F2C6AB}.Release|x64.Build.0 = Release|Any CPU
		{A5A5C5A6-E526-4F43-A8AF-0DB521F2C6AB}.Release|x86.ActiveCfg = Release|Any CPU
		{A5A5C5A6-E526-4F43-A8AF-0DB521F2C6AB}.Release|x86.Build.0 = Release|Any CPU
		{08FB002F-9C7A-4B26-8093-FC02C5E79318}.Debug|Any CPU.ActiveCfg = Debug|Any CPU
		{08FB002F-9C7A-4B26-8093-FC02C5E79318}.Debug|Any CPU.Build.0 = Debug|Any CPU
		{08FB002F-9C7A-4B26-8093-FC02C5E79318}.Debug|x64.ActiveCfg = Debug|Any CPU
		{08FB002F-9C7A-4B26-8093-FC02C5E79318}.Debug|x64.Build.0 = Debug|Any CPU
		{08FB002F-9C7A-4B26-8093-FC02C5E79318}.Debug|x86.ActiveCfg = Debug|Any CPU
		{08FB002F-9C7A-4B26-8093-FC02C5E79318}.Debug|x86.Build.0 = Debug|Any CPU
		{08FB002F-9C7A-4B26-8093-FC02C5E79318}.Release|Any CPU.ActiveCfg = Release|Any CPU
		{08FB002F-9C7A-4B26-8093-FC02C5E79318}.Release|Any CPU.Build.0 = Release|Any CPU
		{08FB002F-9C7A-4B26-8093-FC02C5E79318}.Release|x64.ActiveCfg = Release|Any CPU
		{08FB002F-9C7A-4B26-8093-FC02C5E79318}.Release|x64.Build.0 = Release|Any CPU
		{08FB002F-9C7A-4B26-8093-FC02C5E79318}.Release|x86.ActiveCfg = Release|Any CPU
		{08FB002F-9C7A-4B26-8093-FC02C5E79318}.Release|x86.Build.0 = Release|Any CPU
		{6366429C-E2E7-4337-91EA-DCA5D2070F6F}.Debug|Any CPU.ActiveCfg = Debug|Any CPU
		{6366429C-E2E7-4337-91EA-DCA5D2070F6F}.Debug|Any CPU.Build.0 = Debug|Any CPU
		{6366429C-E2E7-4337-91EA-DCA5D2070F6F}.Debug|x64.ActiveCfg = Debug|Any CPU
		{6366429C-E2E7-4337-91EA-DCA5D2070F6F}.Debug|x64.Build.0 = Debug|Any CPU
		{6366429C-E2E7-4337-91EA-DCA5D2070F6F}.Debug|x86.ActiveCfg = Debug|Any CPU
		{6366429C-E2E7-4337-91EA-DCA5D2070F6F}.Debug|x86.Build.0 = Debug|Any CPU
		{6366429C-E2E7-4337-91EA-DCA5D2070F6F}.Release|Any CPU.ActiveCfg = Release|Any CPU
		{6366429C-E2E7-4337-91EA-DCA5D2070F6F}.Release|Any CPU.Build.0 = Release|Any CPU
		{6366429C-E2E7-4337-91EA-DCA5D2070F6F}.Release|x64.ActiveCfg = Release|Any CPU
		{6366429C-E2E7-4337-91EA-DCA5D2070F6F}.Release|x64.Build.0 = Release|Any CPU
		{6366429C-E2E7-4337-91EA-DCA5D2070F6F}.Release|x86.ActiveCfg = Release|Any CPU
		{6366429C-E2E7-4337-91EA-DCA5D2070F6F}.Release|x86.Build.0 = Release|Any CPU
		{48065CF4-02C9-4544-92F4-536832229C6B}.Debug|Any CPU.ActiveCfg = Debug|Any CPU
		{48065CF4-02C9-4544-92F4-536832229C6B}.Debug|Any CPU.Build.0 = Debug|Any CPU
		{48065CF4-02C9-4544-92F4-536832229C6B}.Debug|x64.ActiveCfg = Debug|Any CPU
		{48065CF4-02C9-4544-92F4-536832229C6B}.Debug|x64.Build.0 = Debug|Any CPU
		{48065CF4-02C9-4544-92F4-536832229C6B}.Debug|x86.ActiveCfg = Debug|Any CPU
		{48065CF4-02C9-4544-92F4-536832229C6B}.Debug|x86.Build.0 = Debug|Any CPU
		{48065CF4-02C9-4544-92F4-536832229C6B}.Release|Any CPU.ActiveCfg = Release|Any CPU
		{48065CF4-02C9-4544-92F4-536832229C6B}.Release|Any CPU.Build.0 = Release|Any CPU
		{48065CF4-02C9-4544-92F4-536832229C6B}.Release|x64.ActiveCfg = Release|Any CPU
		{48065CF4-02C9-4544-92F4-536832229C6B}.Release|x64.Build.0 = Release|Any CPU
		{48065CF4-02C9-4544-92F4-536832229C6B}.Release|x86.ActiveCfg = Release|Any CPU
		{48065CF4-02C9-4544-92F4-536832229C6B}.Release|x86.Build.0 = Release|Any CPU
		{DCCA3D88-C457-4841-AB22-879E68CFDF36}.Debug|Any CPU.ActiveCfg = Debug|Any CPU
		{DCCA3D88-C457-4841-AB22-879E68CFDF36}.Debug|Any CPU.Build.0 = Debug|Any CPU
		{DCCA3D88-C457-4841-AB22-879E68CFDF36}.Debug|x64.ActiveCfg = Debug|Any CPU
		{DCCA3D88-C457-4841-AB22-879E68CFDF36}.Debug|x64.Build.0 = Debug|Any CPU
		{DCCA3D88-C457-4841-AB22-879E68CFDF36}.Debug|x86.ActiveCfg = Debug|Any CPU
		{DCCA3D88-C457-4841-AB22-879E68CFDF36}.Debug|x86.Build.0 = Debug|Any CPU
		{DCCA3D88-C457-4841-AB22-879E68CFDF36}.Release|Any CPU.ActiveCfg = Release|Any CPU
		{DCCA3D88-C457-4841-AB22-879E68CFDF36}.Release|Any CPU.Build.0 = Release|Any CPU
		{DCCA3D88-C457-4841-AB22-879E68CFDF36}.Release|x64.ActiveCfg = Release|Any CPU
		{DCCA3D88-C457-4841-AB22-879E68CFDF36}.Release|x64.Build.0 = Release|Any CPU
		{DCCA3D88-C457-4841-AB22-879E68CFDF36}.Release|x86.ActiveCfg = Release|Any CPU
		{DCCA3D88-C457-4841-AB22-879E68CFDF36}.Release|x86.Build.0 = Release|Any CPU
		{2FB742DE-0C2A-4E0C-81AF-F7BEBCEDBDBB}.Debug|Any CPU.ActiveCfg = Debug|Any CPU
		{2FB742DE-0C2A-4E0C-81AF-F7BEBCEDBDBB}.Debug|Any CPU.Build.0 = Debug|Any CPU
		{2FB742DE-0C2A-4E0C-81AF-F7BEBCEDBDBB}.Debug|x64.ActiveCfg = Debug|Any CPU
		{2FB742DE-0C2A-4E0C-81AF-F7BEBCEDBDBB}.Debug|x64.Build.0 = Debug|Any CPU
		{2FB742DE-0C2A-4E0C-81AF-F7BEBCEDBDBB}.Debug|x86.ActiveCfg = Debug|Any CPU
		{2FB742DE-0C2A-4E0C-81AF-F7BEBCEDBDBB}.Debug|x86.Build.0 = Debug|Any CPU
		{2FB742DE-0C2A-4E0C-81AF-F7BEBCEDBDBB}.Release|Any CPU.ActiveCfg = Release|Any CPU
		{2FB742DE-0C2A-4E0C-81AF-F7BEBCEDBDBB}.Release|Any CPU.Build.0 = Release|Any CPU
		{2FB742DE-0C2A-4E0C-81AF-F7BEBCEDBDBB}.Release|x64.ActiveCfg = Release|Any CPU
		{2FB742DE-0C2A-4E0C-81AF-F7BEBCEDBDBB}.Release|x64.Build.0 = Release|Any CPU
		{2FB742DE-0C2A-4E0C-81AF-F7BEBCEDBDBB}.Release|x86.ActiveCfg = Release|Any CPU
		{2FB742DE-0C2A-4E0C-81AF-F7BEBCEDBDBB}.Release|x86.Build.0 = Release|Any CPU
		{D1DA44BB-3DF8-4E08-90A4-E4887D8010FE}.Debug|Any CPU.ActiveCfg = Debug|Any CPU
		{D1DA44BB-3DF8-4E08-90A4-E4887D8010FE}.Debug|Any CPU.Build.0 = Debug|Any CPU
		{D1DA44BB-3DF8-4E08-90A4-E4887D8010FE}.Debug|x64.ActiveCfg = Debug|Any CPU
		{D1DA44BB-3DF8-4E08-90A4-E4887D8010FE}.Debug|x64.Build.0 = Debug|Any CPU
		{D1DA44BB-3DF8-4E08-90A4-E4887D8010FE}.Debug|x86.ActiveCfg = Debug|Any CPU
		{D1DA44BB-3DF8-4E08-90A4-E4887D8010FE}.Debug|x86.Build.0 = Debug|Any CPU
		{D1DA44BB-3DF8-4E08-90A4-E4887D8010FE}.Release|Any CPU.ActiveCfg = Release|Any CPU
		{D1DA44BB-3DF8-4E08-90A4-E4887D8010FE}.Release|Any CPU.Build.0 = Release|Any CPU
		{D1DA44BB-3DF8-4E08-90A4-E4887D8010FE}.Release|x64.ActiveCfg = Release|Any CPU
		{D1DA44BB-3DF8-4E08-90A4-E4887D8010FE}.Release|x64.Build.0 = Release|Any CPU
		{D1DA44BB-3DF8-4E08-90A4-E4887D8010FE}.Release|x86.ActiveCfg = Release|Any CPU
		{D1DA44BB-3DF8-4E08-90A4-E4887D8010FE}.Release|x86.Build.0 = Release|Any CPU
		{3C4D257F-4938-4F21-8B52-395E98CB254F}.Debug|Any CPU.ActiveCfg = Debug|Any CPU
		{3C4D257F-4938-4F21-8B52-395E98CB254F}.Debug|Any CPU.Build.0 = Debug|Any CPU
		{3C4D257F-4938-4F21-8B52-395E98CB254F}.Debug|x64.ActiveCfg = Debug|Any CPU
		{3C4D257F-4938-4F21-8B52-395E98CB254F}.Debug|x64.Build.0 = Debug|Any CPU
		{3C4D257F-4938-4F21-8B52-395E98CB254F}.Debug|x86.ActiveCfg = Debug|Any CPU
		{3C4D257F-4938-4F21-8B52-395E98CB254F}.Debug|x86.Build.0 = Debug|Any CPU
		{3C4D257F-4938-4F21-8B52-395E98CB254F}.Release|Any CPU.ActiveCfg = Release|Any CPU
		{3C4D257F-4938-4F21-8B52-395E98CB254F}.Release|Any CPU.Build.0 = Release|Any CPU
		{3C4D257F-4938-4F21-8B52-395E98CB254F}.Release|x64.ActiveCfg = Release|Any CPU
		{3C4D257F-4938-4F21-8B52-395E98CB254F}.Release|x64.Build.0 = Release|Any CPU
		{3C4D257F-4938-4F21-8B52-395E98CB254F}.Release|x86.ActiveCfg = Release|Any CPU
		{3C4D257F-4938-4F21-8B52-395E98CB254F}.Release|x86.Build.0 = Release|Any CPU
		{54C2578A-C189-4B4B-B1A8-3266901BEC30}.Debug|Any CPU.ActiveCfg = Debug|Any CPU
		{54C2578A-C189-4B4B-B1A8-3266901BEC30}.Debug|Any CPU.Build.0 = Debug|Any CPU
		{54C2578A-C189-4B4B-B1A8-3266901BEC30}.Debug|x64.ActiveCfg = Debug|Any CPU
		{54C2578A-C189-4B4B-B1A8-3266901BEC30}.Debug|x64.Build.0 = Debug|Any CPU
		{54C2578A-C189-4B4B-B1A8-3266901BEC30}.Debug|x86.ActiveCfg = Debug|Any CPU
		{54C2578A-C189-4B4B-B1A8-3266901BEC30}.Debug|x86.Build.0 = Debug|Any CPU
		{54C2578A-C189-4B4B-B1A8-3266901BEC30}.Release|Any CPU.ActiveCfg = Release|Any CPU
		{54C2578A-C189-4B4B-B1A8-3266901BEC30}.Release|Any CPU.Build.0 = Release|Any CPU
		{54C2578A-C189-4B4B-B1A8-3266901BEC30}.Release|x64.ActiveCfg = Release|Any CPU
		{54C2578A-C189-4B4B-B1A8-3266901BEC30}.Release|x64.Build.0 = Release|Any CPU
		{54C2578A-C189-4B4B-B1A8-3266901BEC30}.Release|x86.ActiveCfg = Release|Any CPU
		{54C2578A-C189-4B4B-B1A8-3266901BEC30}.Release|x86.Build.0 = Release|Any CPU
		{99219C94-3BED-4BD3-A4B8-1B7CB19F962D}.Debug|Any CPU.ActiveCfg = Debug|Any CPU
		{99219C94-3BED-4BD3-A4B8-1B7CB19F962D}.Debug|Any CPU.Build.0 = Debug|Any CPU
		{99219C94-3BED-4BD3-A4B8-1B7CB19F962D}.Debug|x64.ActiveCfg = Debug|Any CPU
		{99219C94-3BED-4BD3-A4B8-1B7CB19F962D}.Debug|x64.Build.0 = Debug|Any CPU
		{99219C94-3BED-4BD3-A4B8-1B7CB19F962D}.Debug|x86.ActiveCfg = Debug|Any CPU
		{99219C94-3BED-4BD3-A4B8-1B7CB19F962D}.Debug|x86.Build.0 = Debug|Any CPU
		{99219C94-3BED-4BD3-A4B8-1B7CB19F962D}.Release|Any CPU.ActiveCfg = Release|Any CPU
		{99219C94-3BED-4BD3-A4B8-1B7CB19F962D}.Release|Any CPU.Build.0 = Release|Any CPU
		{99219C94-3BED-4BD3-A4B8-1B7CB19F962D}.Release|x64.ActiveCfg = Release|Any CPU
		{99219C94-3BED-4BD3-A4B8-1B7CB19F962D}.Release|x64.Build.0 = Release|Any CPU
		{99219C94-3BED-4BD3-A4B8-1B7CB19F962D}.Release|x86.ActiveCfg = Release|Any CPU
		{99219C94-3BED-4BD3-A4B8-1B7CB19F962D}.Release|x86.Build.0 = Release|Any CPU
		{1C5E407C-C7C5-4D0D-A34D-EF17071F09EE}.Debug|Any CPU.ActiveCfg = Debug|Any CPU
		{1C5E407C-C7C5-4D0D-A34D-EF17071F09EE}.Debug|Any CPU.Build.0 = Debug|Any CPU
		{1C5E407C-C7C5-4D0D-A34D-EF17071F09EE}.Debug|x64.ActiveCfg = Debug|Any CPU
		{1C5E407C-C7C5-4D0D-A34D-EF17071F09EE}.Debug|x64.Build.0 = Debug|Any CPU
		{1C5E407C-C7C5-4D0D-A34D-EF17071F09EE}.Debug|x86.ActiveCfg = Debug|Any CPU
		{1C5E407C-C7C5-4D0D-A34D-EF17071F09EE}.Debug|x86.Build.0 = Debug|Any CPU
		{1C5E407C-C7C5-4D0D-A34D-EF17071F09EE}.Release|Any CPU.ActiveCfg = Release|Any CPU
		{1C5E407C-C7C5-4D0D-A34D-EF17071F09EE}.Release|Any CPU.Build.0 = Release|Any CPU
		{1C5E407C-C7C5-4D0D-A34D-EF17071F09EE}.Release|x64.ActiveCfg = Release|Any CPU
		{1C5E407C-C7C5-4D0D-A34D-EF17071F09EE}.Release|x64.Build.0 = Release|Any CPU
		{1C5E407C-C7C5-4D0D-A34D-EF17071F09EE}.Release|x86.ActiveCfg = Release|Any CPU
		{1C5E407C-C7C5-4D0D-A34D-EF17071F09EE}.Release|x86.Build.0 = Release|Any CPU
		{9DBC4606-E2AD-4D89-882C-F5FC6EA725A9}.Debug|Any CPU.ActiveCfg = Debug|Any CPU
		{9DBC4606-E2AD-4D89-882C-F5FC6EA725A9}.Debug|Any CPU.Build.0 = Debug|Any CPU
		{9DBC4606-E2AD-4D89-882C-F5FC6EA725A9}.Debug|x64.ActiveCfg = Debug|Any CPU
		{9DBC4606-E2AD-4D89-882C-F5FC6EA725A9}.Debug|x64.Build.0 = Debug|Any CPU
		{9DBC4606-E2AD-4D89-882C-F5FC6EA725A9}.Debug|x86.ActiveCfg = Debug|Any CPU
		{9DBC4606-E2AD-4D89-882C-F5FC6EA725A9}.Debug|x86.Build.0 = Debug|Any CPU
		{9DBC4606-E2AD-4D89-882C-F5FC6EA725A9}.Release|Any CPU.ActiveCfg = Release|Any CPU
		{9DBC4606-E2AD-4D89-882C-F5FC6EA725A9}.Release|Any CPU.Build.0 = Release|Any CPU
		{9DBC4606-E2AD-4D89-882C-F5FC6EA725A9}.Release|x64.ActiveCfg = Release|Any CPU
		{9DBC4606-E2AD-4D89-882C-F5FC6EA725A9}.Release|x64.Build.0 = Release|Any CPU
		{9DBC4606-E2AD-4D89-882C-F5FC6EA725A9}.Release|x86.ActiveCfg = Release|Any CPU
		{9DBC4606-E2AD-4D89-882C-F5FC6EA725A9}.Release|x86.Build.0 = Release|Any CPU
		{703B2CF7-EE7C-486C-84EF-5FFE234DC4D7}.Debug|Any CPU.ActiveCfg = Debug|Any CPU
		{703B2CF7-EE7C-486C-84EF-5FFE234DC4D7}.Debug|Any CPU.Build.0 = Debug|Any CPU
		{703B2CF7-EE7C-486C-84EF-5FFE234DC4D7}.Debug|x64.ActiveCfg = Debug|Any CPU
		{703B2CF7-EE7C-486C-84EF-5FFE234DC4D7}.Debug|x64.Build.0 = Debug|Any CPU
		{703B2CF7-EE7C-486C-84EF-5FFE234DC4D7}.Debug|x86.ActiveCfg = Debug|Any CPU
		{703B2CF7-EE7C-486C-84EF-5FFE234DC4D7}.Debug|x86.Build.0 = Debug|Any CPU
		{703B2CF7-EE7C-486C-84EF-5FFE234DC4D7}.Release|Any CPU.ActiveCfg = Release|Any CPU
		{703B2CF7-EE7C-486C-84EF-5FFE234DC4D7}.Release|Any CPU.Build.0 = Release|Any CPU
		{703B2CF7-EE7C-486C-84EF-5FFE234DC4D7}.Release|x64.ActiveCfg = Release|Any CPU
		{703B2CF7-EE7C-486C-84EF-5FFE234DC4D7}.Release|x64.Build.0 = Release|Any CPU
		{703B2CF7-EE7C-486C-84EF-5FFE234DC4D7}.Release|x86.ActiveCfg = Release|Any CPU
		{703B2CF7-EE7C-486C-84EF-5FFE234DC4D7}.Release|x86.Build.0 = Release|Any CPU
	EndGlobalSection
	GlobalSection(SolutionProperties) = preSolution
		HideSolutionNode = FALSE
	EndGlobalSection
	GlobalSection(NestedProjects) = preSolution
		{22F183FA-5D04-426E-8317-E7A90CCF88CA} = {1EBCF1BD-F4A5-480A-8377-2760FDCBAF7A}
		{0D514385-FE75-44CB-82F6-E56637DE3EB5} = {1EBCF1BD-F4A5-480A-8377-2760FDCBAF7A}
		{9DF10DED-39C0-44D4-BA5F-DC75580FF9B8} = {1EBCF1BD-F4A5-480A-8377-2760FDCBAF7A}
		{A5A5C5A6-E526-4F43-A8AF-0DB521F2C6AB} = {1EBCF1BD-F4A5-480A-8377-2760FDCBAF7A}
		{08FB002F-9C7A-4B26-8093-FC02C5E79318} = {1EBCF1BD-F4A5-480A-8377-2760FDCBAF7A}
		{6366429C-E2E7-4337-91EA-DCA5D2070F6F} = {1EBCF1BD-F4A5-480A-8377-2760FDCBAF7A}
		{1D70F2E3-7C9C-436D-8705-7C8AD4C7DF6E} = {FCDA11B3-91CE-499B-98FF-845C3D7CED7A}
		{1255F958-AE24-4C1F-A93E-6033E220D78D} = {FCDA11B3-91CE-499B-98FF-845C3D7CED7A}
		{C1C8D828-8293-4988-AB39-42E4F90BB0C1} = {FCDA11B3-91CE-499B-98FF-845C3D7CED7A}
		{790031CD-55E1-4DE7-9F3D-74B24726B6E0} = {FCDA11B3-91CE-499B-98FF-845C3D7CED7A}
		{25E928C6-E266-4359-ACF0-36A7738D5F7E} = {26066226-EDAE-4B46-A02B-29ABA853DAB0}
		{238F3C10-D2EA-43D7-B6D0-46F0A9952887} = {26066226-EDAE-4B46-A02B-29ABA853DAB0}
		{68CAB3F2-C6F2-474A-8FAE-FDB446760886} = {26066226-EDAE-4B46-A02B-29ABA853DAB0}
		{48065CF4-02C9-4544-92F4-536832229C6B} = {68CAB3F2-C6F2-474A-8FAE-FDB446760886}
		{DCCA3D88-C457-4841-AB22-879E68CFDF36} = {790031CD-55E1-4DE7-9F3D-74B24726B6E0}
		{2FB742DE-0C2A-4E0C-81AF-F7BEBCEDBDBB} = {790031CD-55E1-4DE7-9F3D-74B24726B6E0}
		{D1DA44BB-3DF8-4E08-90A4-E4887D8010FE} = {790031CD-55E1-4DE7-9F3D-74B24726B6E0}
		{3C4D257F-4938-4F21-8B52-395E98CB254F} = {790031CD-55E1-4DE7-9F3D-74B24726B6E0}
		{54C2578A-C189-4B4B-B1A8-3266901BEC30} = {1EBCF1BD-F4A5-480A-8377-2760FDCBAF7A}
		{99219C94-3BED-4BD3-A4B8-1B7CB19F962D} = {790031CD-55E1-4DE7-9F3D-74B24726B6E0}
		{1C5E407C-C7C5-4D0D-A34D-EF17071F09EE} = {BEEDCF9E-1E8F-43CF-9E32-5238146FD729}
		{9DBC4606-E2AD-4D89-882C-F5FC6EA725A9} = {BEEDCF9E-1E8F-43CF-9E32-5238146FD729}
		{703B2CF7-EE7C-486C-84EF-5FFE234DC4D7} = {BEEDCF9E-1E8F-43CF-9E32-5238146FD729}
	EndGlobalSection
EndGlobal
